
Microsoft Visual Studio Solution File, Format Version 12.00
# Visual Studio Version 17
VisualStudioVersion = 17.3.32929.385
MinimumVisualStudioVersion = 10.0.40219.1
Project("{9A19103F-16F7-4668-BE54-9A1E7A4F7556}") = "TagsCloudContainer", "TagsCloudContainer\TagsCloudContainer.csproj", "{6AFD9F45-1523-46E9-A353-FF89E25E9F42}"
EndProject
Project("{9A19103F-16F7-4668-BE54-9A1E7A4F7556}") = "TagsCloudContainer.Tests", "TagsCloudContainer.Tests\TagsCloudContainer.Tests.csproj", "{5ACE2A12-8E45-4082-8728-2AC86DEFFF6E}"
EndProject
Project("{9A19103F-16F7-4668-BE54-9A1E7A4F7556}") = "TagsCloudContainer.ConsoleApp", "TagsCloudContainer.ConsoleApp\TagsCloudContainer.ConsoleApp.csproj", "{F45E09DB-5339-4B13-808C-06A1FA633E75}"
EndProject
Global
	GlobalSection(SolutionConfigurationPlatforms) = preSolution
		Debug|Any CPU = Debug|Any CPU
		Release|Any CPU = Release|Any CPU
	EndGlobalSection
	GlobalSection(ProjectConfigurationPlatforms) = postSolution
		{6AFD9F45-1523-46E9-A353-FF89E25E9F42}.Debug|Any CPU.ActiveCfg = Debug|Any CPU
		{6AFD9F45-1523-46E9-A353-FF89E25E9F42}.Debug|Any CPU.Build.0 = Debug|Any CPU
		{6AFD9F45-1523-46E9-A353-FF89E25E9F42}.Release|Any CPU.ActiveCfg = Release|Any CPU
		{6AFD9F45-1523-46E9-A353-FF89E25E9F42}.Release|Any CPU.Build.0 = Release|Any CPU
		{5ACE2A12-8E45-4082-8728-2AC86DEFFF6E}.Debug|Any CPU.ActiveCfg = Debug|Any CPU
		{5ACE2A12-8E45-4082-8728-2AC86DEFFF6E}.Debug|Any CPU.Build.0 = Debug|Any CPU
		{5ACE2A12-8E45-4082-8728-2AC86DEFFF6E}.Release|Any CPU.ActiveCfg = Release|Any CPU
		{5ACE2A12-8E45-4082-8728-2AC86DEFFF6E}.Release|Any CPU.Build.0 = Release|Any CPU
		{F45E09DB-5339-4B13-808C-06A1FA633E75}.Debug|Any CPU.ActiveCfg = Debug|Any CPU
		{F45E09DB-5339-4B13-808C-06A1FA633E75}.Debug|Any CPU.Build.0 = Debug|Any CPU
		{F45E09DB-5339-4B13-808C-06A1FA633E75}.Release|Any CPU.ActiveCfg = Release|Any CPU
		{F45E09DB-5339-4B13-808C-06A1FA633E75}.Release|Any CPU.Build.0 = Release|Any CPU
	EndGlobalSection
	GlobalSection(SolutionProperties) = preSolution
		HideSolutionNode = FALSE
	EndGlobalSection
	GlobalSection(ExtensibilityGlobals) = postSolution
		SolutionGuid = {714DEE49-F610-443C-B9E3-B0B1633B303C}
	EndGlobalSection
EndGlobal
